
Microsoft Visual Studio Solution File, Format Version 12.00
# Visual Studio Version 16
VisualStudioVersion = 16.0.29728.190
MinimumVisualStudioVersion = 10.0.40219.1
Project("{8BC9CEB8-8B4A-11D0-8D11-00A0C91BC942}") = "LinkedList", "LinkedList\LinkedList.vcxproj", "{E91DFD01-11A8-4DB4-9772-5D7B059408E3}"
EndProject
Project("{8BC9CEB8-8B4A-11D0-8D11-00A0C91BC942}") = "AIE_UnitTests", "AIE_UnitTests\AIE_UnitTests.vcxproj", "{EEAD52B5-C80F-42E8-8AD2-84AD7C6AEF0C}"
EndProject
Project("{8BC9CEB8-8B4A-11D0-8D11-00A0C91BC942}") = "BinaryTree", "BinaryTree\BinaryTree.vcxproj", "{0CF5AA6D-2602-45C6-B5E5-8362DCC7DB8A}"
EndProject
Project("{8BC9CEB8-8B4A-11D0-8D11-00A0C91BC942}") = "AIE_Raylib_BinaryTreeVis", "AIE_Raylib_BinaryTreeVis\AIE_Raylib_BinaryTreeVis.vcxproj", "{1532490A-1EC5-4851-929D-8A51D4A4C6B1}"
EndProject
Project("{8BC9CEB8-8B4A-11D0-8D11-00A0C91BC942}") = "Hashing", "Hashing\Hashing.vcxproj", "{3ED297D0-CFBB-43B2-B057-18C5A6CC49D3}"
EndProject
Project("{2150E333-8FDC-42A3-9474-1A3956D46DE8}") = "IPC", "IPC", "{93378087-4ED9-4243-863E-56DB13D7813C}"
EndProject
Project("{8BC9CEB8-8B4A-11D0-8D11-00A0C91BC942}") = "AIE_Exercise_IPC_Client", "AIE_Exercise_IPC_Client\AIE_Exercise_IPC_Client.vcxproj", "{37C0D640-1831-4E73-A794-35738D744C4F}"
EndProject
Project("{8BC9CEB8-8B4A-11D0-8D11-00A0C91BC942}") = "AIE_Exercise_IPC_Server", "AIE_Exercise_IPC_Server\AIE_Exercise_IPC_Server.vcxproj", "{C587ADF8-8D17-4392-A089-A5051E7BA109}"
EndProject
Project("{8BC9CEB8-8B4A-11D0-8D11-00A0C91BC942}") = "AIE_Exercise_IPC_ConsoleDemo", "AIE_Exercise_IPC_ConsoleDemo\AIE_Exercise_IPC_ConsoleDemo.vcxproj", "{D50161C5-4538-4509-8F5E-D9CAC14ED3B0}"
EndProject
Project("{8BC9CEB8-8B4A-11D0-8D11-00A0C91BC942}") = "AIE_IPC", "AIE_IPC\AIE_IPC.vcxproj", "{1563CD13-E83C-45E6-82AE-97CD058B83DE}"
EndProject
Global
	GlobalSection(SolutionConfigurationPlatforms) = preSolution
		Debug|x64 = Debug|x64
		Debug|x86 = Debug|x86
		Release|x64 = Release|x64
		Release|x86 = Release|x86
	EndGlobalSection
	GlobalSection(ProjectConfigurationPlatforms) = postSolution
		{E91DFD01-11A8-4DB4-9772-5D7B059408E3}.Debug|x64.ActiveCfg = Debug|x64
		{E91DFD01-11A8-4DB4-9772-5D7B059408E3}.Debug|x64.Build.0 = Debug|x64
		{E91DFD01-11A8-4DB4-9772-5D7B059408E3}.Debug|x86.ActiveCfg = Debug|Win32
		{E91DFD01-11A8-4DB4-9772-5D7B059408E3}.Debug|x86.Build.0 = Debug|Win32
		{E91DFD01-11A8-4DB4-9772-5D7B059408E3}.Release|x64.ActiveCfg = Release|x64
		{E91DFD01-11A8-4DB4-9772-5D7B059408E3}.Release|x64.Build.0 = Release|x64
		{E91DFD01-11A8-4DB4-9772-5D7B059408E3}.Release|x86.ActiveCfg = Release|Win32
		{E91DFD01-11A8-4DB4-9772-5D7B059408E3}.Release|x86.Build.0 = Release|Win32
		{EEAD52B5-C80F-42E8-8AD2-84AD7C6AEF0C}.Debug|x64.ActiveCfg = Debug|x64
		{EEAD52B5-C80F-42E8-8AD2-84AD7C6AEF0C}.Debug|x64.Build.0 = Debug|x64
		{EEAD52B5-C80F-42E8-8AD2-84AD7C6AEF0C}.Debug|x86.ActiveCfg = Debug|Win32
		{EEAD52B5-C80F-42E8-8AD2-84AD7C6AEF0C}.Debug|x86.Build.0 = Debug|Win32
		{EEAD52B5-C80F-42E8-8AD2-84AD7C6AEF0C}.Release|x64.ActiveCfg = Release|x64
		{EEAD52B5-C80F-42E8-8AD2-84AD7C6AEF0C}.Release|x64.Build.0 = Release|x64
		{EEAD52B5-C80F-42E8-8AD2-84AD7C6AEF0C}.Release|x86.ActiveCfg = Release|Win32
		{EEAD52B5-C80F-42E8-8AD2-84AD7C6AEF0C}.Release|x86.Build.0 = Release|Win32
		{0CF5AA6D-2602-45C6-B5E5-8362DCC7DB8A}.Debug|x64.ActiveCfg = Debug|x64
		{0CF5AA6D-2602-45C6-B5E5-8362DCC7DB8A}.Debug|x64.Build.0 = Debug|x64
		{0CF5AA6D-2602-45C6-B5E5-8362DCC7DB8A}.Debug|x86.ActiveCfg = Debug|Win32
		{0CF5AA6D-2602-45C6-B5E5-8362DCC7DB8A}.Debug|x86.Build.0 = Debug|Win32
		{0CF5AA6D-2602-45C6-B5E5-8362DCC7DB8A}.Release|x64.ActiveCfg = Release|x64
		{0CF5AA6D-2602-45C6-B5E5-8362DCC7DB8A}.Release|x64.Build.0 = Release|x64
		{0CF5AA6D-2602-45C6-B5E5-8362DCC7DB8A}.Release|x86.ActiveCfg = Release|Win32
		{0CF5AA6D-2602-45C6-B5E5-8362DCC7DB8A}.Release|x86.Build.0 = Release|Win32
		{1532490A-1EC5-4851-929D-8A51D4A4C6B1}.Debug|x64.ActiveCfg = Debug|x64
		{1532490A-1EC5-4851-929D-8A51D4A4C6B1}.Debug|x64.Build.0 = Debug|x64
		{1532490A-1EC5-4851-929D-8A51D4A4C6B1}.Debug|x86.ActiveCfg = Debug|Win32
		{1532490A-1EC5-4851-929D-8A51D4A4C6B1}.Debug|x86.Build.0 = Debug|Win32
		{1532490A-1EC5-4851-929D-8A51D4A4C6B1}.Release|x64.ActiveCfg = Release|x64
		{1532490A-1EC5-4851-929D-8A51D4A4C6B1}.Release|x64.Build.0 = Release|x64
		{1532490A-1EC5-4851-929D-8A51D4A4C6B1}.Release|x86.ActiveCfg = Release|Win32
		{1532490A-1EC5-4851-929D-8A51D4A4C6B1}.Release|x86.Build.0 = Release|Win32
		{3ED297D0-CFBB-43B2-B057-18C5A6CC49D3}.Debug|x64.ActiveCfg = Debug|x64
		{3ED297D0-CFBB-43B2-B057-18C5A6CC49D3}.Debug|x64.Build.0 = Debug|x64
		{3ED297D0-CFBB-43B2-B057-18C5A6CC49D3}.Debug|x86.ActiveCfg = Debug|Win32
		{3ED297D0-CFBB-43B2-B057-18C5A6CC49D3}.Debug|x86.Build.0 = Debug|Win32
		{3ED297D0-CFBB-43B2-B057-18C5A6CC49D3}.Release|x64.ActiveCfg = Release|x64
		{3ED297D0-CFBB-43B2-B057-18C5A6CC49D3}.Release|x64.Build.0 = Release|x64
		{3ED297D0-CFBB-43B2-B057-18C5A6CC49D3}.Release|x86.ActiveCfg = Release|Win32
		{3ED297D0-CFBB-43B2-B057-18C5A6CC49D3}.Release|x86.Build.0 = Release|Win32
		{37C0D640-1831-4E73-A794-35738D744C4F}.Debug|x64.ActiveCfg = Debug|x64
		{37C0D640-1831-4E73-A794-35738D744C4F}.Debug|x64.Build.0 = Debug|x64
		{37C0D640-1831-4E73-A794-35738D744C4F}.Debug|x86.ActiveCfg = Debug|Win32
		{37C0D640-1831-4E73-A794-35738D744C4F}.Debug|x86.Build.0 = Debug|Win32
		{37C0D640-1831-4E73-A794-35738D744C4F}.Release|x64.ActiveCfg = Release|x64
		{37C0D640-1831-4E73-A794-35738D744C4F}.Release|x64.Build.0 = Release|x64
		{37C0D640-1831-4E73-A794-35738D744C4F}.Release|x86.ActiveCfg = Release|Win32
		{37C0D640-1831-4E73-A794-35738D744C4F}.Release|x86.Build.0 = Release|Win32
		{C587ADF8-8D17-4392-A089-A5051E7BA109}.Debug|x64.ActiveCfg = Debug|x64
		{C587ADF8-8D17-4392-A089-A5051E7BA109}.Debug|x64.Build.0 = Debug|x64
		{C587ADF8-8D17-4392-A089-A5051E7BA109}.Debug|x86.ActiveCfg = Debug|Win32
		{C587ADF8-8D17-4392-A089-A5051E7BA109}.Debug|x86.Build.0 = Debug|Win32
		{C587ADF8-8D17-4392-A089-A5051E7BA109}.Release|x64.ActiveCfg = Release|x64
		{C587ADF8-8D17-4392-A089-A5051E7BA109}.Release|x64.Build.0 = Release|x64
		{C587ADF8-8D17-4392-A089-A5051E7BA109}.Release|x86.ActiveCfg = Release|Win32
		{C587ADF8-8D17-4392-A089-A5051E7BA109}.Release|x86.Build.0 = Release|Win32
		{D50161C5-4538-4509-8F5E-D9CAC14ED3B0}.Debug|x64.ActiveCfg = Debug|x64
		{D50161C5-4538-4509-8F5E-D9CAC14ED3B0}.Debug|x64.Build.0 = Debug|x64
		{D50161C5-4538-4509-8F5E-D9CAC14ED3B0}.Debug|x86.ActiveCfg = Debug|Win32
		{D50161C5-4538-4509-8F5E-D9CAC14ED3B0}.Debug|x86.Build.0 = Debug|Win32
		{D50161C5-4538-4509-8F5E-D9CAC14ED3B0}.Release|x64.ActiveCfg = Release|x64
		{D50161C5-4538-4509-8F5E-D9CAC14ED3B0}.Release|x64.Build.0 = Release|x64
		{D50161C5-4538-4509-8F5E-D9CAC14ED3B0}.Release|x86.ActiveCfg = Release|Win32
		{D50161C5-4538-4509-8F5E-D9CAC14ED3B0}.Release|x86.Build.0 = Release|Win32
		{1563CD13-E83C-45E6-82AE-97CD058B83DE}.Debug|x64.ActiveCfg = Debug|x64
		{1563CD13-E83C-45E6-82AE-97CD058B83DE}.Debug|x64.Build.0 = Debug|x64
		{1563CD13-E83C-45E6-82AE-97CD058B83DE}.Debug|x86.ActiveCfg = Debug|Win32
		{1563CD13-E83C-45E6-82AE-97CD058B83DE}.Debug|x86.Build.0 = Debug|Win32
		{1563CD13-E83C-45E6-82AE-97CD058B83DE}.Release|x64.ActiveCfg = Release|x64
		{1563CD13-E83C-45E6-82AE-97CD058B83DE}.Release|x64.Build.0 = Release|x64
		{1563CD13-E83C-45E6-82AE-97CD058B83DE}.Release|x86.ActiveCfg = Release|Win32
		{1563CD13-E83C-45E6-82AE-97CD058B83DE}.Release|x86.Build.0 = Release|Win32
	EndGlobalSection
	GlobalSection(SolutionProperties) = preSolution
		HideSolutionNode = FALSE
	EndGlobalSection
	GlobalSection(NestedProjects) = preSolution
		{37C0D640-1831-4E73-A794-35738D744C4F} = {93378087-4ED9-4243-863E-56DB13D7813C}
		{C587ADF8-8D17-4392-A089-A5051E7BA109} = {93378087-4ED9-4243-863E-56DB13D7813C}
		{D50161C5-4538-4509-8F5E-D9CAC14ED3B0} = {93378087-4ED9-4243-863E-56DB13D7813C}
		{1563CD13-E83C-45E6-82AE-97CD058B83DE} = {93378087-4ED9-4243-863E-56DB13D7813C}
	EndGlobalSection
	GlobalSection(ExtensibilityGlobals) = postSolution
		SolutionGuid = {3C8F64AA-8649-46BC-A80C-9E1A707EDFEF}
	EndGlobalSection
EndGlobal
